// !$*UTF8*$!
{
	archiveVersion = 1;
	classes = {
	};
	objectVersion = 51;
	objects = {

/* Begin PBXBuildFile section */
		832CA5186821573DC1065941 /* Pods_PixabayPhotoViewer.framework in Frameworks */ = {isa = PBXBuildFile; fileRef = 511AB8D74F4E9E9C160CD232 /* Pods_PixabayPhotoViewer.framework */; };
		FD1815C52377E43E00647658 /* PixabayCollectionFooterView.swift in Sources */ = {isa = PBXBuildFile; fileRef = FD1815C32377E43E00647658 /* PixabayCollectionFooterView.swift */; };
		FD1815C62377E43E00647658 /* PixabayCollectionFooterView.xib in Resources */ = {isa = PBXBuildFile; fileRef = FD1815C42377E43E00647658 /* PixabayCollectionFooterView.xib */; };
		FD3916F923CB687300F72093 /* Top.storyboard in Resources */ = {isa = PBXBuildFile; fileRef = FD3916F823CB687300F72093 /* Top.storyboard */; };
		FD45564223BDE58700C521BC /* PixabayApi.swift in Sources */ = {isa = PBXBuildFile; fileRef = FD45564123BDE58700C521BC /* PixabayApi.swift */; };
		FD78AA6123CB715900149281 /* TabBarController.swift in Sources */ = {isa = PBXBuildFile; fileRef = FD78AA6023CB715900149281 /* TabBarController.swift */; };
		FD78AA6323CDFA9000149281 /* Search.storyboard in Resources */ = {isa = PBXBuildFile; fileRef = FD78AA6223CDFA9000149281 /* Search.storyboard */; };
		FD9BD62022EC90A9009C10EC /* AppDelegate.swift in Sources */ = {isa = PBXBuildFile; fileRef = FD9BD61F22EC90A9009C10EC /* AppDelegate.swift */; };
		FD9BD62222EC90A9009C10EC /* TopViewController.swift in Sources */ = {isa = PBXBuildFile; fileRef = FD9BD62122EC90A9009C10EC /* TopViewController.swift */; };
		FD9BD62522EC90A9009C10EC /* Main.storyboard in Resources */ = {isa = PBXBuildFile; fileRef = FD9BD62322EC90A9009C10EC /* Main.storyboard */; };
		FD9BD62722EC90AD009C10EC /* Assets.xcassets in Resources */ = {isa = PBXBuildFile; fileRef = FD9BD62622EC90AD009C10EC /* Assets.xcassets */; };
		FD9BD62A22EC90AD009C10EC /* LaunchScreen.storyboard in Resources */ = {isa = PBXBuildFile; fileRef = FD9BD62822EC90AD009C10EC /* LaunchScreen.storyboard */; };
		FD9BD63322EC92D6009C10EC /* PixabayCollectionViewCell.swift in Sources */ = {isa = PBXBuildFile; fileRef = FD9BD63122EC92D6009C10EC /* PixabayCollectionViewCell.swift */; };
		FD9BD63422EC92D6009C10EC /* PixabayCollectionViewCell.xib in Resources */ = {isa = PBXBuildFile; fileRef = FD9BD63222EC92D6009C10EC /* PixabayCollectionViewCell.xib */; };
/* End PBXBuildFile section */

/* Begin PBXFileReference section */
		4CDBBBECBDB61A6ED601DC47 /* Pods-PixabayPhotoViewer.release.xcconfig */ = {isa = PBXFileReference; includeInIndex = 1; lastKnownFileType = text.xcconfig; name = "Pods-PixabayPhotoViewer.release.xcconfig"; path = "Pods/Target Support Files/Pods-PixabayPhotoViewer/Pods-PixabayPhotoViewer.release.xcconfig"; sourceTree = "<group>"; };
		506307E92E160455F1FC2146 /* Pods-PixabayPhotoViewer.debug.xcconfig */ = {isa = PBXFileReference; includeInIndex = 1; lastKnownFileType = text.xcconfig; name = "Pods-PixabayPhotoViewer.debug.xcconfig"; path = "Pods/Target Support Files/Pods-PixabayPhotoViewer/Pods-PixabayPhotoViewer.debug.xcconfig"; sourceTree = "<group>"; };
		511AB8D74F4E9E9C160CD232 /* Pods_PixabayPhotoViewer.framework */ = {isa = PBXFileReference; explicitFileType = wrapper.framework; includeInIndex = 0; path = Pods_PixabayPhotoViewer.framework; sourceTree = BUILT_PRODUCTS_DIR; };
		FD1815C32377E43E00647658 /* PixabayCollectionFooterView.swift */ = {isa = PBXFileReference; lastKnownFileType = sourcecode.swift; path = PixabayCollectionFooterView.swift; sourceTree = "<group>"; };
		FD1815C42377E43E00647658 /* PixabayCollectionFooterView.xib */ = {isa = PBXFileReference; lastKnownFileType = file.xib; path = PixabayCollectionFooterView.xib; sourceTree = "<group>"; };
		FD3916F823CB687300F72093 /* Top.storyboard */ = {isa = PBXFileReference; lastKnownFileType = file.storyboard; path = Top.storyboard; sourceTree = "<group>"; };
		FD45564123BDE58700C521BC /* PixabayApi.swift */ = {isa = PBXFileReference; lastKnownFileType = sourcecode.swift; path = PixabayApi.swift; sourceTree = "<group>"; };
		FD78AA6023CB715900149281 /* TabBarController.swift */ = {isa = PBXFileReference; lastKnownFileType = sourcecode.swift; path = TabBarController.swift; sourceTree = "<group>"; };
		FD78AA6223CDFA9000149281 /* Search.storyboard */ = {isa = PBXFileReference; lastKnownFileType = file.storyboard; path = Search.storyboard; sourceTree = "<group>"; };
		FD9BD61C22EC90A9009C10EC /* PixabayPhotoViewer.app */ = {isa = PBXFileReference; explicitFileType = wrapper.application; includeInIndex = 0; path = PixabayPhotoViewer.app; sourceTree = BUILT_PRODUCTS_DIR; };
		FD9BD61F22EC90A9009C10EC /* AppDelegate.swift */ = {isa = PBXFileReference; lastKnownFileType = sourcecode.swift; path = AppDelegate.swift; sourceTree = "<group>"; };
		FD9BD62122EC90A9009C10EC /* TopViewController.swift */ = {isa = PBXFileReference; lastKnownFileType = sourcecode.swift; path = TopViewController.swift; sourceTree = "<group>"; };
		FD9BD62422EC90A9009C10EC /* Base */ = {isa = PBXFileReference; lastKnownFileType = file.storyboard; name = Base; path = Base.lproj/Main.storyboard; sourceTree = "<group>"; };
		FD9BD62622EC90AD009C10EC /* Assets.xcassets */ = {isa = PBXFileReference; lastKnownFileType = folder.assetcatalog; path = Assets.xcassets; sourceTree = "<group>"; };
		FD9BD62922EC90AD009C10EC /* Base */ = {isa = PBXFileReference; lastKnownFileType = file.storyboard; name = Base; path = Base.lproj/LaunchScreen.storyboard; sourceTree = "<group>"; };
		FD9BD62B22EC90AD009C10EC /* Info.plist */ = {isa = PBXFileReference; lastKnownFileType = text.plist.xml; path = Info.plist; sourceTree = "<group>"; };
		FD9BD63122EC92D6009C10EC /* PixabayCollectionViewCell.swift */ = {isa = PBXFileReference; lastKnownFileType = sourcecode.swift; path = PixabayCollectionViewCell.swift; sourceTree = "<group>"; };
		FD9BD63222EC92D6009C10EC /* PixabayCollectionViewCell.xib */ = {isa = PBXFileReference; lastKnownFileType = file.xib; path = PixabayCollectionViewCell.xib; sourceTree = "<group>"; };
/* End PBXFileReference section */

/* Begin PBXFrameworksBuildPhase section */
		FD9BD61922EC90A9009C10EC /* Frameworks */ = {
			isa = PBXFrameworksBuildPhase;
			buildActionMask = 2147483647;
			files = (
				832CA5186821573DC1065941 /* Pods_PixabayPhotoViewer.framework in Frameworks */,
			);
			runOnlyForDeploymentPostprocessing = 0;
		};
/* End PBXFrameworksBuildPhase section */

/* Begin PBXGroup section */
		12204AEDEF56DD73699BD4AB /* Pods */ = {
			isa = PBXGroup;
			children = (
				506307E92E160455F1FC2146 /* Pods-PixabayPhotoViewer.debug.xcconfig */,
				4CDBBBECBDB61A6ED601DC47 /* Pods-PixabayPhotoViewer.release.xcconfig */,
			);
			name = Pods;
			sourceTree = "<group>";
		};
		771C1442147A7E7BA417DE60 /* Frameworks */ = {
			isa = PBXGroup;
			children = (
				511AB8D74F4E9E9C160CD232 /* Pods_PixabayPhotoViewer.framework */,
			);
			name = Frameworks;
			sourceTree = "<group>";
		};
		FD45563523BDDD8200C521BC /* Resources */ = {
			isa = PBXGroup;
			children = (
				FD9BD62622EC90AD009C10EC /* Assets.xcassets */,
				FD9BD62B22EC90AD009C10EC /* Info.plist */,
			);
			path = Resources;
			sourceTree = "<group>";
		};
		FD45563623BDE1C900C521BC /* Views */ = {
			isa = PBXGroup;
			children = (
				FD45563723BDE21E00C521BC /* Cells */,
				FD45563823BDE22E00C521BC /* Footers */,
				FD9BD62822EC90AD009C10EC /* LaunchScreen.storyboard */,
				FD9BD62322EC90A9009C10EC /* Main.storyboard */,
				FD3916F823CB687300F72093 /* Top.storyboard */,
				FD78AA6223CDFA9000149281 /* Search.storyboard */,
			);
			path = Views;
			sourceTree = "<group>";
		};
		FD45563723BDE21E00C521BC /* Cells */ = {
			isa = PBXGroup;
			children = (
				FD9BD63222EC92D6009C10EC /* PixabayCollectionViewCell.xib */,
				FD9BD63122EC92D6009C10EC /* PixabayCollectionViewCell.swift */,
			);
			path = Cells;
			sourceTree = "<group>";
		};
		FD45563823BDE22E00C521BC /* Footers */ = {
			isa = PBXGroup;
			children = (
				FD1815C42377E43E00647658 /* PixabayCollectionFooterView.xib */,
				FD1815C32377E43E00647658 /* PixabayCollectionFooterView.swift */,
			);
			path = Footers;
			sourceTree = "<group>";
		};
		FD45563A23BDE40200C521BC /* ViewControllers */ = {
			isa = PBXGroup;
			children = (
				FD9BD62122EC90A9009C10EC /* TopViewController.swift */,
				FD78AA6023CB715900149281 /* TabBarController.swift */,
			);
			path = ViewControllers;
			sourceTree = "<group>";
		};
		FD45563B23BDE44000C521BC /* Sources */ = {
			isa = PBXGroup;
			children = (
				FD9BD61F22EC90A9009C10EC /* AppDelegate.swift */,
				FD45563623BDE1C900C521BC /* Views */,
				FD45563A23BDE40200C521BC /* ViewControllers */,
				FD45563E23BDE50B00C521BC /* Models */,
			);
			path = Sources;
			sourceTree = "<group>";
		};
		FD45563E23BDE50B00C521BC /* Models */ = {
			isa = PBXGroup;
			children = (
				FD45563F23BDE53000C521BC /* Network */,
			);
			path = Models;
			sourceTree = "<group>";
		};
		FD45563F23BDE53000C521BC /* Network */ = {
			isa = PBXGroup;
			children = (
				FD45564023BDE55500C521BC /* API */,
			);
			path = Network;
			sourceTree = "<group>";
		};
		FD45564023BDE55500C521BC /* API */ = {
			isa = PBXGroup;
			children = (
				FD45564123BDE58700C521BC /* PixabayApi.swift */,
			);
			path = API;
			sourceTree = "<group>";
		};
		FD9BD61322EC90A9009C10EC = {
			isa = PBXGroup;
			children = (
				FD9BD61E22EC90A9009C10EC /* PixabayPhotoViewer */,
				FD9BD61D22EC90A9009C10EC /* Products */,
				12204AEDEF56DD73699BD4AB /* Pods */,
				771C1442147A7E7BA417DE60 /* Frameworks */,
			);
			sourceTree = "<group>";
		};
		FD9BD61D22EC90A9009C10EC /* Products */ = {
			isa = PBXGroup;
			children = (
				FD9BD61C22EC90A9009C10EC /* PixabayPhotoViewer.app */,
			);
			name = Products;
			sourceTree = "<group>";
		};
		FD9BD61E22EC90A9009C10EC /* PixabayPhotoViewer */ = {
			isa = PBXGroup;
			children = (
				FD45563523BDDD8200C521BC /* Resources */,
				FD45563B23BDE44000C521BC /* Sources */,
			);
			path = PixabayPhotoViewer;
			sourceTree = "<group>";
		};
/* End PBXGroup section */

/* Begin PBXNativeTarget section */
		FD9BD61B22EC90A9009C10EC /* PixabayPhotoViewer */ = {
			isa = PBXNativeTarget;
			buildConfigurationList = FD9BD62E22EC90AD009C10EC /* Build configuration list for PBXNativeTarget "PixabayPhotoViewer" */;
			buildPhases = (
				8D224DD672EF56F2A3F6F7CE /* [CP] Check Pods Manifest.lock */,
				FD9BD61822EC90A9009C10EC /* Sources */,
				FD9BD61922EC90A9009C10EC /* Frameworks */,
				FD9BD61A22EC90A9009C10EC /* Resources */,
				7816A086CEB587C9AA76E129 /* [CP] Embed Pods Frameworks */,
			);
			buildRules = (
			);
			dependencies = (
			);
			name = PixabayPhotoViewer;
			productName = PixabayPhotoViewer;
			productReference = FD9BD61C22EC90A9009C10EC /* PixabayPhotoViewer.app */;
			productType = "com.apple.product-type.application";
		};
/* End PBXNativeTarget section */

/* Begin PBXProject section */
		FD9BD61422EC90A9009C10EC /* Project object */ = {
			isa = PBXProject;
			attributes = {
				LastSwiftUpdateCheck = 1020;
				LastUpgradeCheck = 1020;
				ORGANIZATIONNAME = "Swift-beginners";
				TargetAttributes = {
					FD9BD61B22EC90A9009C10EC = {
						CreatedOnToolsVersion = 10.2.1;
					};
				};
			};
			buildConfigurationList = FD9BD61722EC90A9009C10EC /* Build configuration list for PBXProject "PixabayPhotoViewer" */;
			compatibilityVersion = "Xcode 9.3";
			developmentRegion = en;
			hasScannedForEncodings = 0;
			knownRegions = (
				en,
				Base,
			);
			mainGroup = FD9BD61322EC90A9009C10EC;
			productRefGroup = FD9BD61D22EC90A9009C10EC /* Products */;
			projectDirPath = "";
			projectRoot = "";
			targets = (
				FD9BD61B22EC90A9009C10EC /* PixabayPhotoViewer */,
			);
		};
/* End PBXProject section */

/* Begin PBXResourcesBuildPhase section */
		FD9BD61A22EC90A9009C10EC /* Resources */ = {
			isa = PBXResourcesBuildPhase;
			buildActionMask = 2147483647;
			files = (
				FD9BD62A22EC90AD009C10EC /* LaunchScreen.storyboard in Resources */,
				FD9BD62722EC90AD009C10EC /* Assets.xcassets in Resources */,
				FD3916F923CB687300F72093 /* Top.storyboard in Resources */,
				FD9BD62522EC90A9009C10EC /* Main.storyboard in Resources */,
				FD78AA6323CDFA9000149281 /* Search.storyboard in Resources */,
				FD1815C62377E43E00647658 /* PixabayCollectionFooterView.xib in Resources */,
				FD9BD63422EC92D6009C10EC /* PixabayCollectionViewCell.xib in Resources */,
			);
			runOnlyForDeploymentPostprocessing = 0;
		};
/* End PBXResourcesBuildPhase section */

/* Begin PBXShellScriptBuildPhase section */
		7816A086CEB587C9AA76E129 /* [CP] Embed Pods Frameworks */ = {
			isa = PBXShellScriptBuildPhase;
			buildActionMask = 2147483647;
			files = (
			);
			inputFileListPaths = (
				"${PODS_ROOT}/Target Support Files/Pods-PixabayPhotoViewer/Pods-PixabayPhotoViewer-frameworks-${CONFIGURATION}-input-files.xcfilelist",
			);
			name = "[CP] Embed Pods Frameworks";
			outputFileListPaths = (
				"${PODS_ROOT}/Target Support Files/Pods-PixabayPhotoViewer/Pods-PixabayPhotoViewer-frameworks-${CONFIGURATION}-output-files.xcfilelist",
			);
			runOnlyForDeploymentPostprocessing = 0;
			shellPath = /bin/sh;
			shellScript = "\"${PODS_ROOT}/Target Support Files/Pods-PixabayPhotoViewer/Pods-PixabayPhotoViewer-frameworks.sh\"\n";
			showEnvVarsInLog = 0;
		};
		8D224DD672EF56F2A3F6F7CE /* [CP] Check Pods Manifest.lock */ = {
			isa = PBXShellScriptBuildPhase;
			buildActionMask = 2147483647;
			files = (
			);
			inputPaths = (
				"${PODS_PODFILE_DIR_PATH}/Podfile.lock",
				"${PODS_ROOT}/Manifest.lock",
			);
			name = "[CP] Check Pods Manifest.lock";
			outputPaths = (
				"$(DERIVED_FILE_DIR)/Pods-PixabayPhotoViewer-checkManifestLockResult.txt",
			);
			runOnlyForDeploymentPostprocessing = 0;
			shellPath = /bin/sh;
			shellScript = "diff \"${PODS_PODFILE_DIR_PATH}/Podfile.lock\" \"${PODS_ROOT}/Manifest.lock\" > /dev/null\nif [ $? != 0 ] ; then\n    # print error to STDERR\n    echo \"error: The sandbox is not in sync with the Podfile.lock. Run 'pod install' or update your CocoaPods installation.\" >&2\n    exit 1\nfi\n# This output is used by Xcode 'outputs' to avoid re-running this script phase.\necho \"SUCCESS\" > \"${SCRIPT_OUTPUT_FILE_0}\"\n";
			showEnvVarsInLog = 0;
		};
/* End PBXShellScriptBuildPhase section */

/* Begin PBXSourcesBuildPhase section */
		FD9BD61822EC90A9009C10EC /* Sources */ = {
			isa = PBXSourcesBuildPhase;
			buildActionMask = 2147483647;
			files = (
				FD1815C52377E43E00647658 /* PixabayCollectionFooterView.swift in Sources */,
				FD45564223BDE58700C521BC /* PixabayApi.swift in Sources */,
				FD9BD63322EC92D6009C10EC /* PixabayCollectionViewCell.swift in Sources */,
				FD78AA6123CB715900149281 /* TabBarController.swift in Sources */,
				FD9BD62222EC90A9009C10EC /* TopViewController.swift in Sources */,
				FD9BD62022EC90A9009C10EC /* AppDelegate.swift in Sources */,
			);
			runOnlyForDeploymentPostprocessing = 0;
		};
/* End PBXSourcesBuildPhase section */

/* Begin PBXVariantGroup section */
		FD9BD62322EC90A9009C10EC /* Main.storyboard */ = {
			isa = PBXVariantGroup;
			children = (
				FD9BD62422EC90A9009C10EC /* Base */,
			);
			name = Main.storyboard;
			sourceTree = "<group>";
		};
		FD9BD62822EC90AD009C10EC /* LaunchScreen.storyboard */ = {
			isa = PBXVariantGroup;
			children = (
				FD9BD62922EC90AD009C10EC /* Base */,
			);
			name = LaunchScreen.storyboard;
			sourceTree = "<group>";
		};
/* End PBXVariantGroup section */

/* Begin XCBuildConfiguration section */
		FD9BD62C22EC90AD009C10EC /* Debug */ = {
			isa = XCBuildConfiguration;
			buildSettings = {
				ALWAYS_SEARCH_USER_PATHS = NO;
				CLANG_ANALYZER_NONNULL = YES;
				CLANG_ANALYZER_NUMBER_OBJECT_CONVERSION = YES_AGGRESSIVE;
				CLANG_CXX_LANGUAGE_STANDARD = "gnu++14";
				CLANG_CXX_LIBRARY = "libc++";
				CLANG_ENABLE_MODULES = YES;
				CLANG_ENABLE_OBJC_ARC = YES;
				CLANG_ENABLE_OBJC_WEAK = YES;
				CLANG_WARN_BLOCK_CAPTURE_AUTORELEASING = YES;
				CLANG_WARN_BOOL_CONVERSION = YES;
				CLANG_WARN_COMMA = YES;
				CLANG_WARN_CONSTANT_CONVERSION = YES;
				CLANG_WARN_DEPRECATED_OBJC_IMPLEMENTATIONS = YES;
				CLANG_WARN_DIRECT_OBJC_ISA_USAGE = YES_ERROR;
				CLANG_WARN_DOCUMENTATION_COMMENTS = YES;
				CLANG_WARN_EMPTY_BODY = YES;
				CLANG_WARN_ENUM_CONVERSION = YES;
				CLANG_WARN_INFINITE_RECURSION = YES;
				CLANG_WARN_INT_CONVERSION = YES;
				CLANG_WARN_NON_LITERAL_NULL_CONVERSION = YES;
				CLANG_WARN_OBJC_IMPLICIT_RETAIN_SELF = YES;
				CLANG_WARN_OBJC_LITERAL_CONVERSION = YES;
				CLANG_WARN_OBJC_ROOT_CLASS = YES_ERROR;
				CLANG_WARN_RANGE_LOOP_ANALYSIS = YES;
				CLANG_WARN_STRICT_PROTOTYPES = YES;
				CLANG_WARN_SUSPICIOUS_MOVE = YES;
				CLANG_WARN_UNGUARDED_AVAILABILITY = YES_AGGRESSIVE;
				CLANG_WARN_UNREACHABLE_CODE = YES;
				CLANG_WARN__DUPLICATE_METHOD_MATCH = YES;
				CODE_SIGN_IDENTITY = "iPhone Developer";
				COPY_PHASE_STRIP = NO;
				DEBUG_INFORMATION_FORMAT = dwarf;
				ENABLE_STRICT_OBJC_MSGSEND = YES;
				ENABLE_TESTABILITY = YES;
				GCC_C_LANGUAGE_STANDARD = gnu11;
				GCC_DYNAMIC_NO_PIC = NO;
				GCC_NO_COMMON_BLOCKS = YES;
				GCC_OPTIMIZATION_LEVEL = 0;
				GCC_PREPROCESSOR_DEFINITIONS = (
					"DEBUG=1",
					"$(inherited)",
				);
				GCC_WARN_64_TO_32_BIT_CONVERSION = YES;
				GCC_WARN_ABOUT_RETURN_TYPE = YES_ERROR;
				GCC_WARN_UNDECLARED_SELECTOR = YES;
				GCC_WARN_UNINITIALIZED_AUTOS = YES_AGGRESSIVE;
				GCC_WARN_UNUSED_FUNCTION = YES;
				GCC_WARN_UNUSED_VARIABLE = YES;
				IPHONEOS_DEPLOYMENT_TARGET = 12.2;
				MTL_ENABLE_DEBUG_INFO = INCLUDE_SOURCE;
				MTL_FAST_MATH = YES;
				ONLY_ACTIVE_ARCH = YES;
				SDKROOT = iphoneos;
				SWIFT_ACTIVE_COMPILATION_CONDITIONS = DEBUG;
				SWIFT_OPTIMIZATION_LEVEL = "-Onone";
			};
			name = Debug;
		};
		FD9BD62D22EC90AD009C10EC /* Release */ = {
			isa = XCBuildConfiguration;
			buildSettings = {
				ALWAYS_SEARCH_USER_PATHS = NO;
				CLANG_ANALYZER_NONNULL = YES;
				CLANG_ANALYZER_NUMBER_OBJECT_CONVERSION = YES_AGGRESSIVE;
				CLANG_CXX_LANGUAGE_STANDARD = "gnu++14";
				CLANG_CXX_LIBRARY = "libc++";
				CLANG_ENABLE_MODULES = YES;
				CLANG_ENABLE_OBJC_ARC = YES;
				CLANG_ENABLE_OBJC_WEAK = YES;
				CLANG_WARN_BLOCK_CAPTURE_AUTORELEASING = YES;
				CLANG_WARN_BOOL_CONVERSION = YES;
				CLANG_WARN_COMMA = YES;
				CLANG_WARN_CONSTANT_CONVERSION = YES;
				CLANG_WARN_DEPRECATED_OBJC_IMPLEMENTATIONS = YES;
				CLANG_WARN_DIRECT_OBJC_ISA_USAGE = YES_ERROR;
				CLANG_WARN_DOCUMENTATION_COMMENTS = YES;
				CLANG_WARN_EMPTY_BODY = YES;
				CLANG_WARN_ENUM_CONVERSION = YES;
				CLANG_WARN_INFINITE_RECURSION = YES;
				CLANG_WARN_INT_CONVERSION = YES;
				CLANG_WARN_NON_LITERAL_NULL_CONVERSION = YES;
				CLANG_WARN_OBJC_IMPLICIT_RETAIN_SELF = YES;
				CLANG_WARN_OBJC_LITERAL_CONVERSION = YES;
				CLANG_WARN_OBJC_ROOT_CLASS = YES_ERROR;
				CLANG_WARN_RANGE_LOOP_ANALYSIS = YES;
				CLANG_WARN_STRICT_PROTOTYPES = YES;
				CLANG_WARN_SUSPICIOUS_MOVE = YES;
				CLANG_WARN_UNGUARDED_AVAILABILITY = YES_AGGRESSIVE;
				CLANG_WARN_UNREACHABLE_CODE = YES;
				CLANG_WARN__DUPLICATE_METHOD_MATCH = YES;
				CODE_SIGN_IDENTITY = "iPhone Developer";
				COPY_PHASE_STRIP = NO;
				DEBUG_INFORMATION_FORMAT = "dwarf-with-dsym";
				ENABLE_NS_ASSERTIONS = NO;
				ENABLE_STRICT_OBJC_MSGSEND = YES;
				GCC_C_LANGUAGE_STANDARD = gnu11;
				GCC_NO_COMMON_BLOCKS = YES;
				GCC_WARN_64_TO_32_BIT_CONVERSION = YES;
				GCC_WARN_ABOUT_RETURN_TYPE = YES_ERROR;
				GCC_WARN_UNDECLARED_SELECTOR = YES;
				GCC_WARN_UNINITIALIZED_AUTOS = YES_AGGRESSIVE;
				GCC_WARN_UNUSED_FUNCTION = YES;
				GCC_WARN_UNUSED_VARIABLE = YES;
				IPHONEOS_DEPLOYMENT_TARGET = 12.2;
				MTL_ENABLE_DEBUG_INFO = NO;
				MTL_FAST_MATH = YES;
				SDKROOT = iphoneos;
				SWIFT_COMPILATION_MODE = wholemodule;
				SWIFT_OPTIMIZATION_LEVEL = "-O";
				VALIDATE_PRODUCT = YES;
			};
			name = Release;
		};
		FD9BD62F22EC90AD009C10EC /* Debug */ = {
			isa = XCBuildConfiguration;
			baseConfigurationReference = 506307E92E160455F1FC2146 /* Pods-PixabayPhotoViewer.debug.xcconfig */;
			buildSettings = {
				ASSETCATALOG_COMPILER_APPICON_NAME = AppIcon;
				CODE_SIGN_IDENTITY = "Apple Development";
				CODE_SIGN_STYLE = Automatic;
				DEVELOPMENT_TEAM = 8DJ3WL36QU;
				INFOPLIST_FILE = PixabayPhotoViewer/Resources/Info.plist;
				LD_RUNPATH_SEARCH_PATHS = (
					"$(inherited)",
					"@executable_path/Frameworks",
				);
				PRODUCT_BUNDLE_IDENTIFIER = com.work.PixabayPhotoViewer;
				PRODUCT_NAME = "$(TARGET_NAME)";
				PROVISIONING_PROFILE_SPECIFIER = "";
				SWIFT_VERSION = 5.0;
				TARGETED_DEVICE_FAMILY = "1,2";
			};
			name = Debug;
		};
		FD9BD63022EC90AD009C10EC /* Release */ = {
			isa = XCBuildConfiguration;
			baseConfigurationReference = 4CDBBBECBDB61A6ED601DC47 /* Pods-PixabayPhotoViewer.release.xcconfig */;
			buildSettings = {
				ASSETCATALOG_COMPILER_APPICON_NAME = AppIcon;
				CODE_SIGN_IDENTITY = "Apple Development";
				CODE_SIGN_STYLE = Automatic;
				DEVELOPMENT_TEAM = 8DJ3WL36QU;
				INFOPLIST_FILE = PixabayPhotoViewer/Resources/Info.plist;
				LD_RUNPATH_SEARCH_PATHS = (
					"$(inherited)",
					"@executable_path/Frameworks",
				);
				PRODUCT_BUNDLE_IDENTIFIER = com.work.PixabayPhotoViewer;
				PRODUCT_NAME = "$(TARGET_NAME)";
				PROVISIONING_PROFILE_SPECIFIER = "";
				SWIFT_VERSION = 5.0;
				TARGETED_DEVICE_FAMILY = "1,2";
			};
			name = Release;
		};
/* End XCBuildConfiguration section */

/* Begin XCConfigurationList section */
		FD9BD61722EC90A9009C10EC /* Build configuration list for PBXProject "PixabayPhotoViewer" */ = {
			isa = XCConfigurationList;
			buildConfigurations = (
				FD9BD62C22EC90AD009C10EC /* Debug */,
				FD9BD62D22EC90AD009C10EC /* Release */,
			);
			defaultConfigurationIsVisible = 0;
			defaultConfigurationName = Release;
		};
		FD9BD62E22EC90AD009C10EC /* Build configuration list for PBXNativeTarget "PixabayPhotoViewer" */ = {
			isa = XCConfigurationList;
			buildConfigurations = (
				FD9BD62F22EC90AD009C10EC /* Debug */,
				FD9BD63022EC90AD009C10EC /* Release */,
			);
			defaultConfigurationIsVisible = 0;
			defaultConfigurationName = Release;
		};
/* End XCConfigurationList section */
	};
	rootObject = FD9BD61422EC90A9009C10EC /* Project object */;
}
